
Microsoft Visual Studio Solution File, Format Version 12.00
# Visual Studio 15
VisualStudioVersion = 15.0.27130.2036
MinimumVisualStudioVersion = 10.0.40219.1
Project("{FAE04EC0-301F-11D3-BF4B-00C04F79EFBC}") = "Create_Project", "Create_Project\Create_Project.csproj", "{46706AA1-24A9-425F-8881-0D3C0F6CAEBA}"
EndProject
Global
	GlobalSection(SolutionConfigurationPlatforms) = preSolution
		Debug|Any CPU = Debug|Any CPU
		Release|Any CPU = Release|Any CPU
	EndGlobalSection
	GlobalSection(ProjectConfigurationPlatforms) = postSolution
		{46706AA1-24A9-425F-8881-0D3C0F6CAEBA}.Debug|Any CPU.ActiveCfg = Debug|Any CPU
		{46706AA1-24A9-425F-8881-0D3C0F6CAEBA}.Debug|Any CPU.Build.0 = Debug|Any CPU
		{46706AA1-24A9-425F-8881-0D3C0F6CAEBA}.Release|Any CPU.ActiveCfg = Release|Any CPU
		{46706AA1-24A9-425F-8881-0D3C0F6CAEBA}.Release|Any CPU.Build.0 = Release|Any CPU
	EndGlobalSection
	GlobalSection(SolutionProperties) = preSolution
		HideSolutionNode = FALSE
	EndGlobalSection
	GlobalSection(ExtensibilityGlobals) = postSolution
		SolutionGuid = {3C18A9F7-EA63-4007-93CF-A4B572277C64}
	EndGlobalSection
EndGlobal
